
Microsoft Visual Studio Solution File, Format Version 11.00
# Visual Studio 2010
Project("{8BC9CEB8-8B4A-11D0-8D11-00A0C91BC942}") = "FileCentre", "..\..\FileCentre\FileCentre.vcxproj", "{E15B7830-1717-4810-B1B0-9D8CCFB47A87}"
EndProject
Project("{8BC9CEB8-8B4A-11D0-8D11-00A0C91BC942}") = "ImageAlgorithm", "..\..\ImageAlgorithm\ImageAlgorithm.vcxproj", "{82A104D7-F926-424F-A555-B19B791EEAD6}"
EndProject
Project("{8BC9CEB8-8B4A-11D0-8D11-00A0C91BC942}") = "CameraWidget", "..\..\CameraWidget\CameraWidget.vcxproj", "{50A41A5C-8F73-41DE-81B7-848433BE319F}"
	ProjectSection(ProjectDependencies) = postProject
		{E15B7830-1717-4810-B1B0-9D8CCFB47A87} = {E15B7830-1717-4810-B1B0-9D8CCFB47A87}
		{82A104D7-F926-424F-A555-B19B791EEAD6} = {82A104D7-F926-424F-A555-B19B791EEAD6}
	EndProjectSection
EndProject
Project("{8BC9CEB8-8B4A-11D0-8D11-00A0C91BC942}") = "RecordWidget", "..\..\RecordWidget\RecordWidget.vcxproj", "{48EF525B-9E99-4C19-95B5-A1BB132C1F52}"
	ProjectSection(ProjectDependencies) = postProject
		{E15B7830-1717-4810-B1B0-9D8CCFB47A87} = {E15B7830-1717-4810-B1B0-9D8CCFB47A87}
	EndProjectSection
EndProject
Project("{8BC9CEB8-8B4A-11D0-8D11-00A0C91BC942}") = "ReportWidget", "..\..\ReportWidget\ReportWidget.vcxproj", "{08BD9356-A44D-4C6F-A0F3-C4A23AEB4E39}"
	ProjectSection(ProjectDependencies) = postProject
		{E15B7830-1717-4810-B1B0-9D8CCFB47A87} = {E15B7830-1717-4810-B1B0-9D8CCFB47A87}
	EndProjectSection
EndProject
Project("{8BC9CEB8-8B4A-11D0-8D11-00A0C91BC942}") = "ImageWidget", "..\..\ImageWidget\ImageWidget.vcxproj", "{B79B7045-40BE-44C0-A7D8-E93E947241EB}"
	ProjectSection(ProjectDependencies) = postProject
		{E15B7830-1717-4810-B1B0-9D8CCFB47A87} = {E15B7830-1717-4810-B1B0-9D8CCFB47A87}
	EndProjectSection
EndProject
Project("{8BC9CEB8-8B4A-11D0-8D11-00A0C91BC942}") = "MyLabel", "..\..\MyLabel\MyLabel.vcxproj", "{165A319B-BE3B-4E57-B634-9296B5BD1B91}"
	ProjectSection(ProjectDependencies) = postProject
		{E15B7830-1717-4810-B1B0-9D8CCFB47A87} = {E15B7830-1717-4810-B1B0-9D8CCFB47A87}
	EndProjectSection
EndProject
Project("{8BC9CEB8-8B4A-11D0-8D11-00A0C91BC942}") = "MainWindow", "..\..\MainWindow\MainWindow.vcxproj", "{23257B99-C338-4673-875D-375DFD6D5017}"
	ProjectSection(ProjectDependencies) = postProject
		{E15B7830-1717-4810-B1B0-9D8CCFB47A87} = {E15B7830-1717-4810-B1B0-9D8CCFB47A87}
		{B79B7045-40BE-44C0-A7D8-E93E947241EB} = {B79B7045-40BE-44C0-A7D8-E93E947241EB}
		{08BD9356-A44D-4C6F-A0F3-C4A23AEB4E39} = {08BD9356-A44D-4C6F-A0F3-C4A23AEB4E39}
		{48EF525B-9E99-4C19-95B5-A1BB132C1F52} = {48EF525B-9E99-4C19-95B5-A1BB132C1F52}
		{50A41A5C-8F73-41DE-81B7-848433BE319F} = {50A41A5C-8F73-41DE-81B7-848433BE319F}
		{165A319B-BE3B-4E57-B634-9296B5BD1B91} = {165A319B-BE3B-4E57-B634-9296B5BD1B91}
	EndProjectSection
EndProject
Global
	GlobalSection(SolutionConfigurationPlatforms) = preSolution
		Debug|Win32 = Debug|Win32
		Release|Win32 = Release|Win32
	EndGlobalSection
	GlobalSection(ProjectConfigurationPlatforms) = postSolution
		{E15B7830-1717-4810-B1B0-9D8CCFB47A87}.Debug|Win32.ActiveCfg = Debug|Win32
		{E15B7830-1717-4810-B1B0-9D8CCFB47A87}.Debug|Win32.Build.0 = Debug|Win32
		{E15B7830-1717-4810-B1B0-9D8CCFB47A87}.Release|Win32.ActiveCfg = Release|Win32
		{E15B7830-1717-4810-B1B0-9D8CCFB47A87}.Release|Win32.Build.0 = Release|Win32
		{82A104D7-F926-424F-A555-B19B791EEAD6}.Debug|Win32.ActiveCfg = Debug|Win32
		{82A104D7-F926-424F-A555-B19B791EEAD6}.Debug|Win32.Build.0 = Debug|Win32
		{82A104D7-F926-424F-A555-B19B791EEAD6}.Release|Win32.ActiveCfg = Release|Win32
		{82A104D7-F926-424F-A555-B19B791EEAD6}.Release|Win32.Build.0 = Release|Win32
		{50A41A5C-8F73-41DE-81B7-848433BE319F}.Debug|Win32.ActiveCfg = Debug|Win32
		{50A41A5C-8F73-41DE-81B7-848433BE319F}.Debug|Win32.Build.0 = Debug|Win32
		{50A41A5C-8F73-41DE-81B7-848433BE319F}.Release|Win32.ActiveCfg = Release|Win32
		{50A41A5C-8F73-41DE-81B7-848433BE319F}.Release|Win32.Build.0 = Release|Win32
		{48EF525B-9E99-4C19-95B5-A1BB132C1F52}.Debug|Win32.ActiveCfg = Debug|Win32
		{48EF525B-9E99-4C19-95B5-A1BB132C1F52}.Debug|Win32.Build.0 = Debug|Win32
		{48EF525B-9E99-4C19-95B5-A1BB132C1F52}.Release|Win32.ActiveCfg = Release|Win32
		{48EF525B-9E99-4C19-95B5-A1BB132C1F52}.Release|Win32.Build.0 = Release|Win32
		{08BD9356-A44D-4C6F-A0F3-C4A23AEB4E39}.Debug|Win32.ActiveCfg = Debug|Win32
		{08BD9356-A44D-4C6F-A0F3-C4A23AEB4E39}.Debug|Win32.Build.0 = Debug|Win32
		{08BD9356-A44D-4C6F-A0F3-C4A23AEB4E39}.Release|Win32.ActiveCfg = Release|Win32
		{08BD9356-A44D-4C6F-A0F3-C4A23AEB4E39}.Release|Win32.Build.0 = Release|Win32
		{B79B7045-40BE-44C0-A7D8-E93E947241EB}.Debug|Win32.ActiveCfg = Debug|Win32
		{B79B7045-40BE-44C0-A7D8-E93E947241EB}.Debug|Win32.Build.0 = Debug|Win32
		{B79B7045-40BE-44C0-A7D8-E93E947241EB}.Release|Win32.ActiveCfg = Release|Win32
		{B79B7045-40BE-44C0-A7D8-E93E947241EB}.Release|Win32.Build.0 = Release|Win32
		{165A319B-BE3B-4E57-B634-9296B5BD1B91}.Debug|Win32.ActiveCfg = Debug|Win32
		{165A319B-BE3B-4E57-B634-9296B5BD1B91}.Debug|Win32.Build.0 = Debug|Win32
		{165A319B-BE3B-4E57-B634-9296B5BD1B91}.Release|Win32.ActiveCfg = Release|Win32
		{165A319B-BE3B-4E57-B634-9296B5BD1B91}.Release|Win32.Build.0 = Release|Win32
		{23257B99-C338-4673-875D-375DFD6D5017}.Debug|Win32.ActiveCfg = Debug|Win32
		{23257B99-C338-4673-875D-375DFD6D5017}.Debug|Win32.Build.0 = Debug|Win32
		{23257B99-C338-4673-875D-375DFD6D5017}.Release|Win32.ActiveCfg = Release|Win32
		{23257B99-C338-4673-875D-375DFD6D5017}.Release|Win32.Build.0 = Release|Win32
	EndGlobalSection
	GlobalSection(SolutionProperties) = preSolution
		HideSolutionNode = FALSE
	EndGlobalSection
EndGlobal
