
Microsoft Visual Studio Solution File, Format Version 11.00
# Visual Studio 2010
Project("{8BC9CEB8-8B4A-11D0-8D11-00A0C91BC942}") = "TestMain", "TestMain\TestMain.vcxproj", "{5E48225B-1CD3-4D35-B3B1-9A744C636AB7}"
EndProject
Global
	GlobalSection(SolutionConfigurationPlatforms) = preSolution
		Debug|Win32 = Debug|Win32
		Release|Win32 = Release|Win32
	EndGlobalSection
	GlobalSection(ProjectConfigurationPlatforms) = postSolution
		{5E48225B-1CD3-4D35-B3B1-9A744C636AB7}.Debug|Win32.ActiveCfg = Debug|Win32
		{5E48225B-1CD3-4D35-B3B1-9A744C636AB7}.Debug|Win32.Build.0 = Debug|Win32
		{5E48225B-1CD3-4D35-B3B1-9A744C636AB7}.Release|Win32.ActiveCfg = Release|Win32
		{5E48225B-1CD3-4D35-B3B1-9A744C636AB7}.Release|Win32.Build.0 = Release|Win32
	EndGlobalSection
	GlobalSection(SolutionProperties) = preSolution
		HideSolutionNode = FALSE
	EndGlobalSection
EndGlobal
